PODS:
  - Alamofire (4.4.0)
  - FSCalendar (2.7.4)

DEPENDENCIES:
  - Alamofire (~> 4.4)
  - FSCalendar

SPEC CHECKSUMS:
  Alamofire: dc44b1600b800eb63da6a19039a0083d62a6a62d
  FSCalendar: e95995a746acae531c4a7dd636b8393233125ec5

PODFILE CHECKSUM: ad8a4bb2abaefc44244c4364353e60ba7d177914

COCOAPODS: 1.0.0.beta.8
